
Microsoft Visual Studio Solution File, Format Version 12.00
# Visual Studio Version 16
VisualStudioVersion = 16.0.31515.178
MinimumVisualStudioVersion = 10.0.40219.1
Project("{9A19103F-16F7-4668-BE54-9A1E7A4F7556}") = "Stocker", "app\Stocker\Stocker.csproj", "{D77B7A88-6A90-4E43-A38B-AAE54BAA0F91}"
EndProject
Project("{2150E333-8FDC-42A3-9474-1A3956D46DE8}") = "app", "app", "{69485442-7149-4C5C-8B9C-7C5CA505D5F5}"
EndProject
Project("{2150E333-8FDC-42A3-9474-1A3956D46DE8}") = "src", "src", "{441F2C22-6EFD-4D74-A60F-785CCECC0CFD}"
EndProject
Project("{2150E333-8FDC-42A3-9474-1A3956D46DE8}") = "applications", "applications", "{E4035370-7985-4BF4-9FB0-82029F5F7B07}"
EndProject
Project("{2150E333-8FDC-42A3-9474-1A3956D46DE8}") = "domains", "domains", "{B3A0A95F-8BDD-4B48-819A-07D391B6AFCB}"
EndProject
Project("{2150E333-8FDC-42A3-9474-1A3956D46DE8}") = "infrastructures", "infrastructures", "{E471D18D-D800-4DCB-A6E9-C1DF7B8E893A}"
EndProject
Project("{2150E333-8FDC-42A3-9474-1A3956D46DE8}") = "presentations", "presentations", "{6C08AE35-FAE3-4231-9F8C-15070BFE6435}"
EndProject
Project("{FAE04EC0-301F-11D3-BF4B-00C04F79EFBC}") = "Stocker.Models", "src\domains\Stocker.Models\Stocker.Models.csproj", "{80880F14-62D1-4B1E-9FD7-B1D55C481CD0}"
EndProject
Project("{FAE04EC0-301F-11D3-BF4B-00C04F79EFBC}") = "Stocker.Wpf", "app\Stocker.Wpf\Stocker.Wpf.csproj", "{5CC0C9E5-3ED8-460E-B436-6BEC33BC530C}"
EndProject
Project("{FAE04EC0-301F-11D3-BF4B-00C04F79EFBC}") = "Stocker.Wpf.ViewModels", "src\presentations\Stocker.Wpf.ViewModels\Stocker.Wpf.ViewModels.csproj", "{BDF0B6D4-E59A-4E63-8D50-3066704C3AD5}"
EndProject
Project("{FAE04EC0-301F-11D3-BF4B-00C04F79EFBC}") = "Stocker.Wpf.Views", "src\presentations\Stocker.Wpf.Views\Stocker.Wpf.Views.csproj", "{E71E2C41-26B1-4424-ADE6-D9E3B17E1E85}"
EndProject
Project("{FAE04EC0-301F-11D3-BF4B-00C04F79EFBC}") = "Stocker.Wpf.Models", "Stocker.Wpf.Models\Stocker.Wpf.Models.csproj", "{4DE5AD30-3D61-4DD4-AE4A-42726066D46A}"
EndProject
Project("{FAE04EC0-301F-11D3-BF4B-00C04F79EFBC}") = "Stocker.WpfControls", "src\infrastructures\Stocker.WpfControls\Stocker.WpfControls.csproj", "{3F97A8A5-57FD-406F-9DDB-646418B9D42F}"
EndProject
Project("{FAE04EC0-301F-11D3-BF4B-00C04F79EFBC}") = "Stocker.Web", "app\Stocker.Web\Stocker.Web.csproj", "{1BC3386B-7E20-4D3C-8618-58E04D962EF0}"
EndProject
Global
	GlobalSection(SolutionConfigurationPlatforms) = preSolution
		Debug|Any CPU = Debug|Any CPU
		Release|Any CPU = Release|Any CPU
	EndGlobalSection
	GlobalSection(ProjectConfigurationPlatforms) = postSolution
		{D77B7A88-6A90-4E43-A38B-AAE54BAA0F91}.Debug|Any CPU.ActiveCfg = Debug|Any CPU
		{D77B7A88-6A90-4E43-A38B-AAE54BAA0F91}.Debug|Any CPU.Build.0 = Debug|Any CPU
		{D77B7A88-6A90-4E43-A38B-AAE54BAA0F91}.Release|Any CPU.ActiveCfg = Release|Any CPU
		{D77B7A88-6A90-4E43-A38B-AAE54BAA0F91}.Release|Any CPU.Build.0 = Release|Any CPU
		{80880F14-62D1-4B1E-9FD7-B1D55C481CD0}.Debug|Any CPU.ActiveCfg = Debug|Any CPU
		{80880F14-62D1-4B1E-9FD7-B1D55C481CD0}.Debug|Any CPU.Build.0 = Debug|Any CPU
		{80880F14-62D1-4B1E-9FD7-B1D55C481CD0}.Release|Any CPU.ActiveCfg = Release|Any CPU
		{80880F14-62D1-4B1E-9FD7-B1D55C481CD0}.Release|Any CPU.Build.0 = Release|Any CPU
		{5CC0C9E5-3ED8-460E-B436-6BEC33BC530C}.Debug|Any CPU.ActiveCfg = Debug|Any CPU
		{5CC0C9E5-3ED8-460E-B436-6BEC33BC530C}.Debug|Any CPU.Build.0 = Debug|Any CPU
		{5CC0C9E5-3ED8-460E-B436-6BEC33BC530C}.Release|Any CPU.ActiveCfg = Release|Any CPU
		{5CC0C9E5-3ED8-460E-B436-6BEC33BC530C}.Release|Any CPU.Build.0 = Release|Any CPU
		{BDF0B6D4-E59A-4E63-8D50-3066704C3AD5}.Debug|Any CPU.ActiveCfg = Debug|Any CPU
		{BDF0B6D4-E59A-4E63-8D50-3066704C3AD5}.Debug|Any CPU.Build.0 = Debug|Any CPU
		{BDF0B6D4-E59A-4E63-8D50-3066704C3AD5}.Release|Any CPU.ActiveCfg = Release|Any CPU
		{BDF0B6D4-E59A-4E63-8D50-3066704C3AD5}.Release|Any CPU.Build.0 = Release|Any CPU
		{E71E2C41-26B1-4424-ADE6-D9E3B17E1E85}.Debug|Any CPU.ActiveCfg = Debug|Any CPU
		{E71E2C41-26B1-4424-ADE6-D9E3B17E1E85}.Debug|Any CPU.Build.0 = Debug|Any CPU
		{E71E2C41-26B1-4424-ADE6-D9E3B17E1E85}.Release|Any CPU.ActiveCfg = Release|Any CPU
		{E71E2C41-26B1-4424-ADE6-D9E3B17E1E85}.Release|Any CPU.Build.0 = Release|Any CPU
		{4DE5AD30-3D61-4DD4-AE4A-42726066D46A}.Debug|Any CPU.ActiveCfg = Debug|Any CPU
		{4DE5AD30-3D61-4DD4-AE4A-42726066D46A}.Debug|Any CPU.Build.0 = Debug|Any CPU
		{4DE5AD30-3D61-4DD4-AE4A-42726066D46A}.Release|Any CPU.ActiveCfg = Release|Any CPU
		{4DE5AD30-3D61-4DD4-AE4A-42726066D46A}.Release|Any CPU.Build.0 = Release|Any CPU
		{3F97A8A5-57FD-406F-9DDB-646418B9D42F}.Debug|Any CPU.ActiveCfg = Debug|Any CPU
		{3F97A8A5-57FD-406F-9DDB-646418B9D42F}.Debug|Any CPU.Build.0 = Debug|Any CPU
		{3F97A8A5-57FD-406F-9DDB-646418B9D42F}.Release|Any CPU.ActiveCfg = Release|Any CPU
		{3F97A8A5-57FD-406F-9DDB-646418B9D42F}.Release|Any CPU.Build.0 = Release|Any CPU
		{1BC3386B-7E20-4D3C-8618-58E04D962EF0}.Debug|Any CPU.ActiveCfg = Debug|Any CPU
		{1BC3386B-7E20-4D3C-8618-58E04D962EF0}.Debug|Any CPU.Build.0 = Debug|Any CPU
		{1BC3386B-7E20-4D3C-8618-58E04D962EF0}.Release|Any CPU.ActiveCfg = Release|Any CPU
		{1BC3386B-7E20-4D3C-8618-58E04D962EF0}.Release|Any CPU.Build.0 = Release|Any CPU
	EndGlobalSection
	GlobalSection(SolutionProperties) = preSolution
		HideSolutionNode = FALSE
	EndGlobalSection
	GlobalSection(NestedProjects) = preSolution
		{D77B7A88-6A90-4E43-A38B-AAE54BAA0F91} = {69485442-7149-4C5C-8B9C-7C5CA505D5F5}
		{E4035370-7985-4BF4-9FB0-82029F5F7B07} = {441F2C22-6EFD-4D74-A60F-785CCECC0CFD}
		{B3A0A95F-8BDD-4B48-819A-07D391B6AFCB} = {441F2C22-6EFD-4D74-A60F-785CCECC0CFD}
		{E471D18D-D800-4DCB-A6E9-C1DF7B8E893A} = {441F2C22-6EFD-4D74-A60F-785CCECC0CFD}
		{6C08AE35-FAE3-4231-9F8C-15070BFE6435} = {441F2C22-6EFD-4D74-A60F-785CCECC0CFD}
		{80880F14-62D1-4B1E-9FD7-B1D55C481CD0} = {B3A0A95F-8BDD-4B48-819A-07D391B6AFCB}
		{5CC0C9E5-3ED8-460E-B436-6BEC33BC530C} = {69485442-7149-4C5C-8B9C-7C5CA505D5F5}
		{BDF0B6D4-E59A-4E63-8D50-3066704C3AD5} = {6C08AE35-FAE3-4231-9F8C-15070BFE6435}
		{E71E2C41-26B1-4424-ADE6-D9E3B17E1E85} = {6C08AE35-FAE3-4231-9F8C-15070BFE6435}
		{4DE5AD30-3D61-4DD4-AE4A-42726066D46A} = {6C08AE35-FAE3-4231-9F8C-15070BFE6435}
		{3F97A8A5-57FD-406F-9DDB-646418B9D42F} = {E471D18D-D800-4DCB-A6E9-C1DF7B8E893A}
		{1BC3386B-7E20-4D3C-8618-58E04D962EF0} = {69485442-7149-4C5C-8B9C-7C5CA505D5F5}
	EndGlobalSection
	GlobalSection(ExtensibilityGlobals) = postSolution
		SolutionGuid = {47E61B4F-17B8-49B1-9BFD-A7A2AEBE05EE}
	EndGlobalSection
EndGlobal
